{
  "version": 4,
  "terraform_version": "1.11.0",
  "serial": 91,
  "lineage": "5c7e6ffb-f991-454e-7e97-3d4667becb4a",
  "outputs": {
    "master_node_info": {
      "value": {
        "ip": "192.168.10.10",
        "mac": "d0:0d:bd:6f:62:8f",
        "name": "k8s-master"
      },
      "type": [
        "object",
        {
          "ip": "string",
          "mac": "string",
          "name": "string"
        }
      ]
    },
    "ssh_connection_commands": {
      "value": {
        "master": "ssh ubuntu@192.168.10.10",
        "workers": [
          "ssh ubuntu@192.168.10.20",
          "ssh ubuntu@192.168.10.21",
          "ssh ubuntu@192.168.10.22",
          "ssh ubuntu@192.168.10.23"
        ]
      },
      "type": [
        "object",
        {
          "master": "string",
          "workers": [
            "tuple",
            [
              "string",
              "string",
              "string",
              "string"
            ]
          ]
        }
      ]
    },
    "worker_nodes_info": {
      "value": [
        {
          "ip": "192.168.10.20",
          "mac": "d0:0d:11:99:0f:e8",
          "name": "k8s-worker-1"
        },
        {
          "ip": "192.168.10.21",
          "mac": "d0:0d:1f:05:e5:d2",
          "name": "k8s-worker-2"
        },
        {
          "ip": "192.168.10.22",
          "mac": "d0:0d:a1:3f:16:a3",
          "name": "k8s-worker-3"
        },
        {
          "ip": "192.168.10.23",
          "mac": "d0:0d:30:b8:0d:98",
          "name": "k8s-worker-4"
        }
      ],
      "type": [
        "tuple",
        [
          [
            "object",
            {
              "ip": "string",
              "mac": "string",
              "name": "string"
            }
          ],
          [
            "object",
            {
              "ip": "string",
              "mac": "string",
              "name": "string"
            }
          ],
          [
            "object",
            {
              "ip": "string",
              "mac": "string",
              "name": "string"
            }
          ],
          [
            "object",
            {
              "ip": "string",
              "mac": "string",
              "name": "string"
            }
          ]
        ]
      ]
    }
  },
  "resources": [
    {
      "mode": "managed",
      "type": "yandex_compute_instance",
      "name": "k8s-master",
      "provider": "provider[\"registry.terraform.io/yandex-cloud/yandex\"]",
      "instances": [
        {
          "schema_version": 1,
          "attributes": {
            "allow_recreate": null,
            "allow_stopping_for_update": null,
            "boot_disk": [
              {
                "auto_delete": true,
                "device_name": "fhm70o9l5fnnknhuqv42",
                "disk_id": "fhm70o9l5fnnknhuqv42",
                "initialize_params": [
                  {
                    "block_size": 4096,
                    "description": "",
                    "image_id": "fd8vmcue7aajpmeo39kk",
                    "kms_key_id": "",
                    "name": "",
                    "size": 20,
                    "snapshot_id": "",
                    "type": "network-ssd"
                  }
                ],
                "mode": "READ_WRITE"
              }
            ],
            "created_at": "2025-10-24T05:34:00Z",
            "description": "",
            "filesystem": [],
            "folder_id": "b1gjbscn2p28l9st4t7e",
            "fqdn": "fhmbqrr2hulou6b904la.auto.internal",
            "gpu_cluster_id": "",
            "hardware_generation": [
              {
                "generation2_features": [],
                "legacy_features": [
                  {
                    "pci_topology": "PCI_TOPOLOGY_V1"
                  }
                ]
              }
            ],
            "hostname": "",
            "id": "fhmbqrr2hulou6b904la",
            "labels": null,
            "local_disk": [],
            "maintenance_grace_period": "",
            "maintenance_policy": null,
            "metadata": {
              "ssh-keys": "ubuntu:ssh-ed25519 AAAAC3NzaC1lZDI1NTE5AAAAIPzPE5D2fUw+N2HRvttozFcURLdaxZ5SFz9EkxKDRUzS root@ubuntulearn\n",
              "user-data": "#cloud-config\nwrite_files:\n  - path: /etc/hostname\n    content: k8s-master\n  - path: /etc/modules-load.d/k8s.conf\n    content: |\n      overlay\n      br_netfilter\n  - path: /etc/sysctl.d/99-kubernetes.conf\n    content: |\n      net.bridge.bridge-nf-call-iptables  = 1\n      net.ipv4.ip_forward                 = 1\n      net.bridge.bridge-nf-call-ip6tables = 1\n\nruncmd:\n  # Установка hostname\n  - hostnamectl set-hostname k8s-master\n\n  # Настройка IPv4 forwarding\n  - echo 'net.ipv4.ip_forward=1' \u003e\u003e /etc/sysctl.conf\n  - sysctl -p\n\n  # Загрузка модулей ядра\n  - modprobe overlay\n  - modprobe br_netfilter\n\n  # Базовая настройка\n  - apt-get update\n  - apt-get install -y curl wget vim htop net-tools\n\n  # Добавление записей в /etc/hosts для всех нод\n  - echo \"192.168.10.10 k8s-master\" \u003e\u003e /etc/hosts\n  - echo \"192.168.10.20 k8s-worker-1\" \u003e\u003e /etc/hosts\n  - echo \"192.168.10.21 k8s-worker-2\" \u003e\u003e /etc/hosts\n  - echo \"192.168.10.22 k8s-worker-3\" \u003e\u003e /etc/hosts\n  - echo \"192.168.10.23 k8s-worker-4\" \u003e\u003e /etc/hosts\n\nfinal_message: \"Base node setup complete for k8s-master. Ready for Kubernetes installation.\""
            },
            "metadata_options": [
              {
                "aws_v1_http_endpoint": 1,
                "aws_v1_http_token": 2,
                "gce_http_endpoint": 1,
                "gce_http_token": 1
              }
            ],
            "name": "k8s-master",
            "network_acceleration_type": "standard",
            "network_interface": [
              {
                "dns_record": [],
                "index": 0,
                "ip_address": "192.168.10.10",
                "ipv4": true,
                "ipv6": false,
                "ipv6_address": "",
                "ipv6_dns_record": [],
                "mac_address": "d0:0d:bd:6f:62:8f",
                "nat": true,
                "nat_dns_record": [],
                "nat_ip_address": "158.160.127.163",
                "nat_ip_version": "IPV4",
                "security_group_ids": [
                  "enpr3ate23pt6tcbejju"
                ],
                "subnet_id": "e9b3102vqtvkd50bc5n4"
              }
            ],
            "placement_policy": [
              {
                "host_affinity_rules": [],
                "placement_group_id": "",
                "placement_group_partition": 0
              }
            ],
            "platform_id": "standard-v3",
            "resources": [
              {
                "core_fraction": 100,
                "cores": 2,
                "gpus": 0,
                "memory": 2
              }
            ],
            "scheduling_policy": [
              {
                "preemptible": true
              }
            ],
            "secondary_disk": [],
            "service_account_id": "ajekuu48c2h545lfshbg",
            "status": "running",
            "timeouts": null,
            "zone": "ru-central1-a"
          },
          "sensitive_attributes": [],
          "private": "eyJlMmJmYjczMC1lY2FhLTExZTYtOGY4OC0zNDM2M2JjN2M0YzAiOnsiY3JlYXRlIjozMDAwMDAwMDAwMDAsImRlbGV0ZSI6MzAwMDAwMDAwMDAwLCJ1cGRhdGUiOjMwMDAwMDAwMDAwMH0sInNjaGVtYV92ZXJzaW9uIjoiMSJ9",
          "dependencies": [
            "yandex_iam_service_account.k8s-nodes",
            "yandex_vpc_network.k8s-network",
            "yandex_vpc_security_group.k8s-sg",
            "yandex_vpc_subnet.k8s-subnet"
          ]
        }
      ]
    },
    {
      "mode": "managed",
      "type": "yandex_compute_instance",
      "name": "k8s-worker",
      "provider": "provider[\"registry.terraform.io/yandex-cloud/yandex\"]",
      "instances": [
        {
          "index_key": 0,
          "schema_version": 1,
          "attributes": {
            "allow_recreate": null,
            "allow_stopping_for_update": null,
            "boot_disk": [
              {
                "auto_delete": true,
                "device_name": "fhm4opp1hct3nknb1qc8",
                "disk_id": "fhm4opp1hct3nknb1qc8",
                "initialize_params": [
                  {
                    "block_size": 4096,
                    "description": "",
                    "image_id": "fd8vmcue7aajpmeo39kk",
                    "kms_key_id": "",
                    "name": "",
                    "size": 20,
                    "snapshot_id": "",
                    "type": "network-ssd"
                  }
                ],
                "mode": "READ_WRITE"
              }
            ],
            "created_at": "2025-10-24T05:33:59Z",
            "description": "",
            "filesystem": [],
            "folder_id": "b1gjbscn2p28l9st4t7e",
            "fqdn": "fhmhj47ugaa1g4fjrq1n.auto.internal",
            "gpu_cluster_id": "",
            "hardware_generation": [
              {
                "generation2_features": [],
                "legacy_features": [
                  {
                    "pci_topology": "PCI_TOPOLOGY_V1"
                  }
                ]
              }
            ],
            "hostname": "",
            "id": "fhmhj47ugaa1g4fjrq1n",
            "labels": null,
            "local_disk": [],
            "maintenance_grace_period": "",
            "maintenance_policy": null,
            "metadata": {
              "ssh-keys": "ubuntu:ssh-ed25519 AAAAC3NzaC1lZDI1NTE5AAAAIPzPE5D2fUw+N2HRvttozFcURLdaxZ5SFz9EkxKDRUzS root@ubuntulearn\n",
              "user-data": "#cloud-config\nwrite_files:\n  - path: /etc/hostname\n    content: k8s-worker-1\n  - path: /etc/modules-load.d/k8s.conf\n    content: |\n      overlay\n      br_netfilter\n  - path: /etc/sysctl.d/99-kubernetes.conf\n    content: |\n      net.bridge.bridge-nf-call-iptables  = 1\n      net.ipv4.ip_forward                 = 1\n      net.bridge.bridge-nf-call-ip6tables = 1\n\nruncmd:\n  # Установка hostname\n  - hostnamectl set-hostname k8s-worker-1\n\n  # Настройка IPv4 forwarding\n  - echo 'net.ipv4.ip_forward=1' \u003e\u003e /etc/sysctl.conf\n  - sysctl -p\n\n  # Загрузка модулей ядра\n  - modprobe overlay\n  - modprobe br_netfilter\n\n  # Базовая настройка\n  - apt-get update\n  - apt-get install -y curl wget vim htop net-tools\n\n  # Добавление записей в /etc/hosts для всех нод\n  - echo \"192.168.10.10 k8s-master\" \u003e\u003e /etc/hosts\n  - echo \"192.168.10.20 k8s-worker-1\" \u003e\u003e /etc/hosts\n  - echo \"192.168.10.21 k8s-worker-2\" \u003e\u003e /etc/hosts\n  - echo \"192.168.10.22 k8s-worker-3\" \u003e\u003e /etc/hosts\n  - echo \"192.168.10.23 k8s-worker-4\" \u003e\u003e /etc/hosts\n\nfinal_message: \"Base node setup complete for k8s-worker-1. Ready for Kubernetes installation.\""
            },
            "metadata_options": [
              {
                "aws_v1_http_endpoint": 1,
                "aws_v1_http_token": 2,
                "gce_http_endpoint": 1,
                "gce_http_token": 1
              }
            ],
            "name": "k8s-worker-1",
            "network_acceleration_type": "standard",
            "network_interface": [
              {
                "dns_record": [],
                "index": 0,
                "ip_address": "192.168.10.20",
                "ipv4": true,
                "ipv6": false,
                "ipv6_address": "",
                "ipv6_dns_record": [],
                "mac_address": "d0:0d:11:99:0f:e8",
                "nat": true,
                "nat_dns_record": [],
                "nat_ip_address": "158.160.35.177",
                "nat_ip_version": "IPV4",
                "security_group_ids": [
                  "enpr3ate23pt6tcbejju"
                ],
                "subnet_id": "e9b3102vqtvkd50bc5n4"
              }
            ],
            "placement_policy": [
              {
                "host_affinity_rules": [],
                "placement_group_id": "",
                "placement_group_partition": 0
              }
            ],
            "platform_id": "standard-v3",
            "resources": [
              {
                "core_fraction": 100,
                "cores": 2,
                "gpus": 0,
                "memory": 2
              }
            ],
            "scheduling_policy": [
              {
                "preemptible": true
              }
            ],
            "secondary_disk": [],
            "service_account_id": "ajekuu48c2h545lfshbg",
            "status": "running",
            "timeouts": null,
            "zone": "ru-central1-a"
          },
          "sensitive_attributes": [],
          "private": "eyJlMmJmYjczMC1lY2FhLTExZTYtOGY4OC0zNDM2M2JjN2M0YzAiOnsiY3JlYXRlIjozMDAwMDAwMDAwMDAsImRlbGV0ZSI6MzAwMDAwMDAwMDAwLCJ1cGRhdGUiOjMwMDAwMDAwMDAwMH0sInNjaGVtYV92ZXJzaW9uIjoiMSJ9",
          "dependencies": [
            "yandex_iam_service_account.k8s-nodes",
            "yandex_vpc_network.k8s-network",
            "yandex_vpc_security_group.k8s-sg",
            "yandex_vpc_subnet.k8s-subnet"
          ]
        },
        {
          "index_key": 1,
          "schema_version": 1,
          "attributes": {
            "allow_recreate": null,
            "allow_stopping_for_update": null,
            "boot_disk": [
              {
                "auto_delete": true,
                "device_name": "fhmnh7n34221440jvufu",
                "disk_id": "fhmnh7n34221440jvufu",
                "initialize_params": [
                  {
                    "block_size": 4096,
                    "description": "",
                    "image_id": "fd8vmcue7aajpmeo39kk",
                    "kms_key_id": "",
                    "name": "",
                    "size": 20,
                    "snapshot_id": "",
                    "type": "network-ssd"
                  }
                ],
                "mode": "READ_WRITE"
              }
            ],
            "created_at": "2025-10-24T05:34:00Z",
            "description": "",
            "filesystem": [],
            "folder_id": "b1gjbscn2p28l9st4t7e",
            "fqdn": "fhmv0nit5e1tr1igqgq6.auto.internal",
            "gpu_cluster_id": "",
            "hardware_generation": [
              {
                "generation2_features": [],
                "legacy_features": [
                  {
                    "pci_topology": "PCI_TOPOLOGY_V1"
                  }
                ]
              }
            ],
            "hostname": "",
            "id": "fhmv0nit5e1tr1igqgq6",
            "labels": null,
            "local_disk": [],
            "maintenance_grace_period": "",
            "maintenance_policy": null,
            "metadata": {
              "ssh-keys": "ubuntu:ssh-ed25519 AAAAC3NzaC1lZDI1NTE5AAAAIPzPE5D2fUw+N2HRvttozFcURLdaxZ5SFz9EkxKDRUzS root@ubuntulearn\n",
              "user-data": "#cloud-config\nwrite_files:\n  - path: /etc/hostname\n    content: k8s-worker-2\n  - path: /etc/modules-load.d/k8s.conf\n    content: |\n      overlay\n      br_netfilter\n  - path: /etc/sysctl.d/99-kubernetes.conf\n    content: |\n      net.bridge.bridge-nf-call-iptables  = 1\n      net.ipv4.ip_forward                 = 1\n      net.bridge.bridge-nf-call-ip6tables = 1\n\nruncmd:\n  # Установка hostname\n  - hostnamectl set-hostname k8s-worker-2\n\n  # Настройка IPv4 forwarding\n  - echo 'net.ipv4.ip_forward=1' \u003e\u003e /etc/sysctl.conf\n  - sysctl -p\n\n  # Загрузка модулей ядра\n  - modprobe overlay\n  - modprobe br_netfilter\n\n  # Базовая настройка\n  - apt-get update\n  - apt-get install -y curl wget vim htop net-tools\n\n  # Добавление записей в /etc/hosts для всех нод\n  - echo \"192.168.10.10 k8s-master\" \u003e\u003e /etc/hosts\n  - echo \"192.168.10.20 k8s-worker-1\" \u003e\u003e /etc/hosts\n  - echo \"192.168.10.21 k8s-worker-2\" \u003e\u003e /etc/hosts\n  - echo \"192.168.10.22 k8s-worker-3\" \u003e\u003e /etc/hosts\n  - echo \"192.168.10.23 k8s-worker-4\" \u003e\u003e /etc/hosts\n\nfinal_message: \"Base node setup complete for k8s-worker-2. Ready for Kubernetes installation.\""
            },
            "metadata_options": [
              {
                "aws_v1_http_endpoint": 1,
                "aws_v1_http_token": 2,
                "gce_http_endpoint": 1,
                "gce_http_token": 1
              }
            ],
            "name": "k8s-worker-2",
            "network_acceleration_type": "standard",
            "network_interface": [
              {
                "dns_record": [],
                "index": 0,
                "ip_address": "192.168.10.21",
                "ipv4": true,
                "ipv6": false,
                "ipv6_address": "",
                "ipv6_dns_record": [],
                "mac_address": "d0:0d:1f:05:e5:d2",
                "nat": true,
                "nat_dns_record": [],
                "nat_ip_address": "158.160.125.141",
                "nat_ip_version": "IPV4",
                "security_group_ids": [
                  "enpr3ate23pt6tcbejju"
                ],
                "subnet_id": "e9b3102vqtvkd50bc5n4"
              }
            ],
            "placement_policy": [
              {
                "host_affinity_rules": [],
                "placement_group_id": "",
                "placement_group_partition": 0
              }
            ],
            "platform_id": "standard-v3",
            "resources": [
              {
                "core_fraction": 100,
                "cores": 2,
                "gpus": 0,
                "memory": 2
              }
            ],
            "scheduling_policy": [
              {
                "preemptible": true
              }
            ],
            "secondary_disk": [],
            "service_account_id": "ajekuu48c2h545lfshbg",
            "status": "running",
            "timeouts": null,
            "zone": "ru-central1-a"
          },
          "sensitive_attributes": [],
          "private": "eyJlMmJmYjczMC1lY2FhLTExZTYtOGY4OC0zNDM2M2JjN2M0YzAiOnsiY3JlYXRlIjozMDAwMDAwMDAwMDAsImRlbGV0ZSI6MzAwMDAwMDAwMDAwLCJ1cGRhdGUiOjMwMDAwMDAwMDAwMH0sInNjaGVtYV92ZXJzaW9uIjoiMSJ9",
          "dependencies": [
            "yandex_iam_service_account.k8s-nodes",
            "yandex_vpc_network.k8s-network",
            "yandex_vpc_security_group.k8s-sg",
            "yandex_vpc_subnet.k8s-subnet"
          ]
        },
        {
          "index_key": 2,
          "schema_version": 1,
          "attributes": {
            "allow_recreate": null,
            "allow_stopping_for_update": null,
            "boot_disk": [
              {
                "auto_delete": true,
                "device_name": "fhmv797cpku2ke3c3vrj",
                "disk_id": "fhmv797cpku2ke3c3vrj",
                "initialize_params": [
                  {
                    "block_size": 4096,
                    "description": "",
                    "image_id": "fd8vmcue7aajpmeo39kk",
                    "kms_key_id": "",
                    "name": "",
                    "size": 20,
                    "snapshot_id": "",
                    "type": "network-ssd"
                  }
                ],
                "mode": "READ_WRITE"
              }
            ],
            "created_at": "2025-10-24T05:34:00Z",
            "description": "",
            "filesystem": [],
            "folder_id": "b1gjbscn2p28l9st4t7e",
            "fqdn": "fhma2fomkc4m3btmvq8u.auto.internal",
            "gpu_cluster_id": "",
            "hardware_generation": [
              {
                "generation2_features": [],
                "legacy_features": [
                  {
                    "pci_topology": "PCI_TOPOLOGY_V1"
                  }
                ]
              }
            ],
            "hostname": "",
            "id": "fhma2fomkc4m3btmvq8u",
            "labels": null,
            "local_disk": [],
            "maintenance_grace_period": "",
            "maintenance_policy": null,
            "metadata": {
              "ssh-keys": "ubuntu:ssh-ed25519 AAAAC3NzaC1lZDI1NTE5AAAAIPzPE5D2fUw+N2HRvttozFcURLdaxZ5SFz9EkxKDRUzS root@ubuntulearn\n",
              "user-data": "#cloud-config\nwrite_files:\n  - path: /etc/hostname\n    content: k8s-worker-3\n  - path: /etc/modules-load.d/k8s.conf\n    content: |\n      overlay\n      br_netfilter\n  - path: /etc/sysctl.d/99-kubernetes.conf\n    content: |\n      net.bridge.bridge-nf-call-iptables  = 1\n      net.ipv4.ip_forward                 = 1\n      net.bridge.bridge-nf-call-ip6tables = 1\n\nruncmd:\n  # Установка hostname\n  - hostnamectl set-hostname k8s-worker-3\n\n  # Настройка IPv4 forwarding\n  - echo 'net.ipv4.ip_forward=1' \u003e\u003e /etc/sysctl.conf\n  - sysctl -p\n\n  # Загрузка модулей ядра\n  - modprobe overlay\n  - modprobe br_netfilter\n\n  # Базовая настройка\n  - apt-get update\n  - apt-get install -y curl wget vim htop net-tools\n\n  # Добавление записей в /etc/hosts для всех нод\n  - echo \"192.168.10.10 k8s-master\" \u003e\u003e /etc/hosts\n  - echo \"192.168.10.20 k8s-worker-1\" \u003e\u003e /etc/hosts\n  - echo \"192.168.10.21 k8s-worker-2\" \u003e\u003e /etc/hosts\n  - echo \"192.168.10.22 k8s-worker-3\" \u003e\u003e /etc/hosts\n  - echo \"192.168.10.23 k8s-worker-4\" \u003e\u003e /etc/hosts\n\nfinal_message: \"Base node setup complete for k8s-worker-3. Ready for Kubernetes installation.\""
            },
            "metadata_options": [
              {
                "aws_v1_http_endpoint": 1,
                "aws_v1_http_token": 2,
                "gce_http_endpoint": 1,
                "gce_http_token": 1
              }
            ],
            "name": "k8s-worker-3",
            "network_acceleration_type": "standard",
            "network_interface": [
              {
                "dns_record": [],
                "index": 0,
                "ip_address": "192.168.10.22",
                "ipv4": true,
                "ipv6": false,
                "ipv6_address": "",
                "ipv6_dns_record": [],
                "mac_address": "d0:0d:a1:3f:16:a3",
                "nat": true,
                "nat_dns_record": [],
                "nat_ip_address": "158.160.98.75",
                "nat_ip_version": "IPV4",
                "security_group_ids": [
                  "enpr3ate23pt6tcbejju"
                ],
                "subnet_id": "e9b3102vqtvkd50bc5n4"
              }
            ],
            "placement_policy": [
              {
                "host_affinity_rules": [],
                "placement_group_id": "",
                "placement_group_partition": 0
              }
            ],
            "platform_id": "standard-v3",
            "resources": [
              {
                "core_fraction": 100,
                "cores": 2,
                "gpus": 0,
                "memory": 2
              }
            ],
            "scheduling_policy": [
              {
                "preemptible": true
              }
            ],
            "secondary_disk": [],
            "service_account_id": "ajekuu48c2h545lfshbg",
            "status": "running",
            "timeouts": null,
            "zone": "ru-central1-a"
          },
          "sensitive_attributes": [],
          "private": "eyJlMmJmYjczMC1lY2FhLTExZTYtOGY4OC0zNDM2M2JjN2M0YzAiOnsiY3JlYXRlIjozMDAwMDAwMDAwMDAsImRlbGV0ZSI6MzAwMDAwMDAwMDAwLCJ1cGRhdGUiOjMwMDAwMDAwMDAwMH0sInNjaGVtYV92ZXJzaW9uIjoiMSJ9",
          "dependencies": [
            "yandex_iam_service_account.k8s-nodes",
            "yandex_vpc_network.k8s-network",
            "yandex_vpc_security_group.k8s-sg",
            "yandex_vpc_subnet.k8s-subnet"
          ]
        },
        {
          "index_key": 3,
          "schema_version": 1,
          "attributes": {
            "allow_recreate": null,
            "allow_stopping_for_update": null,
            "boot_disk": [
              {
                "auto_delete": true,
                "device_name": "fhm113sljqhivm6f2sdi",
                "disk_id": "fhm113sljqhivm6f2sdi",
                "initialize_params": [
                  {
                    "block_size": 4096,
                    "description": "",
                    "image_id": "fd8vmcue7aajpmeo39kk",
                    "kms_key_id": "",
                    "name": "",
                    "size": 20,
                    "snapshot_id": "",
                    "type": "network-ssd"
                  }
                ],
                "mode": "READ_WRITE"
              }
            ],
            "created_at": "2025-10-24T05:34:00Z",
            "description": "",
            "filesystem": [],
            "folder_id": "b1gjbscn2p28l9st4t7e",
            "fqdn": "fhm31e0dj1ktlss9dopm.auto.internal",
            "gpu_cluster_id": "",
            "hardware_generation": [
              {
                "generation2_features": [],
                "legacy_features": [
                  {
                    "pci_topology": "PCI_TOPOLOGY_V1"
                  }
                ]
              }
            ],
            "hostname": "",
            "id": "fhm31e0dj1ktlss9dopm",
            "labels": null,
            "local_disk": [],
            "maintenance_grace_period": "",
            "maintenance_policy": null,
            "metadata": {
              "ssh-keys": "ubuntu:ssh-ed25519 AAAAC3NzaC1lZDI1NTE5AAAAIPzPE5D2fUw+N2HRvttozFcURLdaxZ5SFz9EkxKDRUzS root@ubuntulearn\n",
              "user-data": "#cloud-config\nwrite_files:\n  - path: /etc/hostname\n    content: k8s-worker-4\n  - path: /etc/modules-load.d/k8s.conf\n    content: |\n      overlay\n      br_netfilter\n  - path: /etc/sysctl.d/99-kubernetes.conf\n    content: |\n      net.bridge.bridge-nf-call-iptables  = 1\n      net.ipv4.ip_forward                 = 1\n      net.bridge.bridge-nf-call-ip6tables = 1\n\nruncmd:\n  # Установка hostname\n  - hostnamectl set-hostname k8s-worker-4\n\n  # Настройка IPv4 forwarding\n  - echo 'net.ipv4.ip_forward=1' \u003e\u003e /etc/sysctl.conf\n  - sysctl -p\n\n  # Загрузка модулей ядра\n  - modprobe overlay\n  - modprobe br_netfilter\n\n  # Базовая настройка\n  - apt-get update\n  - apt-get install -y curl wget vim htop net-tools\n\n  # Добавление записей в /etc/hosts для всех нод\n  - echo \"192.168.10.10 k8s-master\" \u003e\u003e /etc/hosts\n  - echo \"192.168.10.20 k8s-worker-1\" \u003e\u003e /etc/hosts\n  - echo \"192.168.10.21 k8s-worker-2\" \u003e\u003e /etc/hosts\n  - echo \"192.168.10.22 k8s-worker-3\" \u003e\u003e /etc/hosts\n  - echo \"192.168.10.23 k8s-worker-4\" \u003e\u003e /etc/hosts\n\nfinal_message: \"Base node setup complete for k8s-worker-4. Ready for Kubernetes installation.\""
            },
            "metadata_options": [
              {
                "aws_v1_http_endpoint": 1,
                "aws_v1_http_token": 2,
                "gce_http_endpoint": 1,
                "gce_http_token": 1
              }
            ],
            "name": "k8s-worker-4",
            "network_acceleration_type": "standard",
            "network_interface": [
              {
                "dns_record": [],
                "index": 0,
                "ip_address": "192.168.10.23",
                "ipv4": true,
                "ipv6": false,
                "ipv6_address": "",
                "ipv6_dns_record": [],
                "mac_address": "d0:0d:30:b8:0d:98",
                "nat": true,
                "nat_dns_record": [],
                "nat_ip_address": "84.201.133.76",
                "nat_ip_version": "IPV4",
                "security_group_ids": [
                  "enpr3ate23pt6tcbejju"
                ],
                "subnet_id": "e9b3102vqtvkd50bc5n4"
              }
            ],
            "placement_policy": [
              {
                "host_affinity_rules": [],
                "placement_group_id": "",
                "placement_group_partition": 0
              }
            ],
            "platform_id": "standard-v3",
            "resources": [
              {
                "core_fraction": 100,
                "cores": 2,
                "gpus": 0,
                "memory": 2
              }
            ],
            "scheduling_policy": [
              {
                "preemptible": true
              }
            ],
            "secondary_disk": [],
            "service_account_id": "ajekuu48c2h545lfshbg",
            "status": "running",
            "timeouts": null,
            "zone": "ru-central1-a"
          },
          "sensitive_attributes": [],
          "private": "eyJlMmJmYjczMC1lY2FhLTExZTYtOGY4OC0zNDM2M2JjN2M0YzAiOnsiY3JlYXRlIjozMDAwMDAwMDAwMDAsImRlbGV0ZSI6MzAwMDAwMDAwMDAwLCJ1cGRhdGUiOjMwMDAwMDAwMDAwMH0sInNjaGVtYV92ZXJzaW9uIjoiMSJ9",
          "dependencies": [
            "yandex_iam_service_account.k8s-nodes",
            "yandex_vpc_network.k8s-network",
            "yandex_vpc_security_group.k8s-sg",
            "yandex_vpc_subnet.k8s-subnet"
          ]
        }
      ]
    },
    {
      "mode": "managed",
      "type": "yandex_iam_service_account",
      "name": "k8s-nodes",
      "provider": "provider[\"registry.terraform.io/yandex-cloud/yandex\"]",
      "instances": [
        {
          "schema_version": 1,
          "attributes": {
            "created_at": "2025-10-24T05:33:52Z",
            "description": "Service account for Kubernetes nodes",
            "folder_id": "b1gjbscn2p28l9st4t7e",
            "id": "ajekuu48c2h545lfshbg",
            "name": "k8s-nodes-sa",
            "service_account_id": "ajekuu48c2h545lfshbg",
            "timeouts": null
          },
          "sensitive_attributes": []
        }
      ]
    },
    {
      "mode": "managed",
      "type": "yandex_resourcemanager_folder_iam_member",
      "name": "editor",
      "provider": "provider[\"registry.terraform.io/yandex-cloud/yandex\"]",
      "instances": [
        {
          "schema_version": 0,
          "attributes": {
            "folder_id": "b1gjbscn2p28l9st4t7e",
            "member": "serviceAccount:ajekuu48c2h545lfshbg",
            "role": "editor",
            "sleep_after": null
          },
          "sensitive_attributes": [
            [
              {
                "type": "get_attr",
                "value": "folder_id"
              }
            ]
          ],
          "dependencies": [
            "yandex_iam_service_account.k8s-nodes"
          ]
        }
      ]
    },
    {
      "mode": "managed",
      "type": "yandex_vpc_network",
      "name": "k8s-network",
      "provider": "provider[\"registry.terraform.io/yandex-cloud/yandex\"]",
      "instances": [
        {
          "schema_version": 0,
          "attributes": {
            "created_at": "2025-10-24T05:33:52Z",
            "default_security_group_id": "enprl56n57rns5cql2vh",
            "description": "",
            "folder_id": "b1gjbscn2p28l9st4t7e",
            "id": "enp4hlcl91g6jskmhvua",
            "labels": {},
            "name": "k8s-network",
            "subnet_ids": [],
            "timeouts": null
          },
          "sensitive_attributes": [],
          "private": "eyJlMmJmYjczMC1lY2FhLTExZTYtOGY4OC0zNDM2M2JjN2M0YzAiOnsiY3JlYXRlIjo2MDAwMDAwMDAwMCwiZGVsZXRlIjo2MDAwMDAwMDAwMCwidXBkYXRlIjo2MDAwMDAwMDAwMH19"
        }
      ]
    },
    {
      "mode": "managed",
      "type": "yandex_vpc_security_group",
      "name": "k8s-sg",
      "provider": "provider[\"registry.terraform.io/yandex-cloud/yandex\"]",
      "instances": [
        {
          "schema_version": 0,
          "attributes": {
            "created_at": "2025-10-24T05:33:59Z",
            "description": "Security group for Kubernetes cluster",
            "egress": [
              {
                "description": "Outbound traffic",
                "from_port": -1,
                "id": "enp5alrq7sbdkf3adhej",
                "labels": {},
                "port": -1,
                "predefined_target": "",
                "protocol": "ANY",
                "security_group_id": "",
                "to_port": -1,
                "v4_cidr_blocks": [
                  "0.0.0.0/0"
                ],
                "v6_cidr_blocks": []
              }
            ],
            "folder_id": "b1gjbscn2p28l9st4t7e",
            "id": "enpr3ate23pt6tcbejju",
            "ingress": [
              {
                "description": "ETCD client",
                "from_port": -1,
                "id": "enp7u171b48cparq476a",
                "labels": {},
                "port": 2379,
                "predefined_target": "",
                "protocol": "TCP",
                "security_group_id": "",
                "to_port": -1,
                "v4_cidr_blocks": [
                  "192.168.10.0/24"
                ],
                "v6_cidr_blocks": []
              },
              {
                "description": "ETCD peer",
                "from_port": -1,
                "id": "enpchhden7g3ce0aac0k",
                "labels": {},
                "port": 2380,
                "predefined_target": "",
                "protocol": "TCP",
                "security_group_id": "",
                "to_port": -1,
                "v4_cidr_blocks": [
                  "192.168.10.0/24"
                ],
                "v6_cidr_blocks": []
              },
              {
                "description": "ICMP",
                "from_port": -1,
                "id": "enp6gbu2u5tru3nvebuv",
                "labels": {},
                "port": -1,
                "predefined_target": "",
                "protocol": "ICMP",
                "security_group_id": "",
                "to_port": -1,
                "v4_cidr_blocks": [
                  "0.0.0.0/0"
                ],
                "v6_cidr_blocks": []
              },
              {
                "description": "Internal cluster communication",
                "from_port": -1,
                "id": "enp0nb625m809dp5micc",
                "labels": {},
                "port": -1,
                "predefined_target": "self_security_group",
                "protocol": "ANY",
                "security_group_id": "",
                "to_port": -1,
                "v4_cidr_blocks": [],
                "v6_cidr_blocks": []
              },
              {
                "description": "Kubelet API",
                "from_port": -1,
                "id": "enp96jf5j41cl95u9d2c",
                "labels": {},
                "port": 10250,
                "predefined_target": "",
                "protocol": "TCP",
                "security_group_id": "",
                "to_port": -1,
                "v4_cidr_blocks": [
                  "192.168.10.0/24"
                ],
                "v6_cidr_blocks": []
              },
              {
                "description": "Kubernetes API server",
                "from_port": -1,
                "id": "enpkmme30bpp16gdgntj",
                "labels": {},
                "port": 6443,
                "predefined_target": "",
                "protocol": "TCP",
                "security_group_id": "",
                "to_port": -1,
                "v4_cidr_blocks": [
                  "0.0.0.0/0"
                ],
                "v6_cidr_blocks": []
              },
              {
                "description": "NodePort services",
                "from_port": 30000,
                "id": "enphqbqb8v457ovetiv7",
                "labels": {},
                "port": -1,
                "predefined_target": "",
                "protocol": "TCP",
                "security_group_id": "",
                "to_port": 32767,
                "v4_cidr_blocks": [
                  "0.0.0.0/0"
                ],
                "v6_cidr_blocks": []
              },
              {
                "description": "SSH",
                "from_port": -1,
                "id": "enp7di46c7iqe8l92k2n",
                "labels": {},
                "port": 22,
                "predefined_target": "",
                "protocol": "TCP",
                "security_group_id": "",
                "to_port": -1,
                "v4_cidr_blocks": [
                  "0.0.0.0/0"
                ],
                "v6_cidr_blocks": []
              }
            ],
            "labels": {},
            "name": "k8s-security-group",
            "network_id": "enp4hlcl91g6jskmhvua",
            "status": "ACTIVE",
            "timeouts": null
          },
          "sensitive_attributes": [],
          "private": "eyJlMmJmYjczMC1lY2FhLTExZTYtOGY4OC0zNDM2M2JjN2M0YzAiOnsiY3JlYXRlIjoxODAwMDAwMDAwMDAsImRlbGV0ZSI6MTgwMDAwMDAwMDAwLCJ1cGRhdGUiOjE4MDAwMDAwMDAwMH19",
          "dependencies": [
            "yandex_vpc_network.k8s-network",
            "yandex_vpc_subnet.k8s-subnet"
          ]
        }
      ]
    },
    {
      "mode": "managed",
      "type": "yandex_vpc_subnet",
      "name": "k8s-subnet",
      "provider": "provider[\"registry.terraform.io/yandex-cloud/yandex\"]",
      "instances": [
        {
          "schema_version": 0,
          "attributes": {
            "created_at": "2025-10-24T05:33:56Z",
            "description": "",
            "dhcp_options": [],
            "folder_id": "b1gjbscn2p28l9st4t7e",
            "id": "e9b3102vqtvkd50bc5n4",
            "labels": {},
            "name": "k8s-subnet",
            "network_id": "enp4hlcl91g6jskmhvua",
            "route_table_id": "",
            "timeouts": null,
            "v4_cidr_blocks": [
              "192.168.10.0/24"
            ],
            "v6_cidr_blocks": [],
            "zone": "ru-central1-a"
          },
          "sensitive_attributes": [],
          "private": "eyJlMmJmYjczMC1lY2FhLTExZTYtOGY4OC0zNDM2M2JjN2M0YzAiOnsiY3JlYXRlIjoxODAwMDAwMDAwMDAsImRlbGV0ZSI6MTgwMDAwMDAwMDAwLCJ1cGRhdGUiOjE4MDAwMDAwMDAwMH19",
          "dependencies": [
            "yandex_vpc_network.k8s-network"
          ]
        }
      ]
    }
  ],
  "check_results": null
}
